
Microsoft Visual Studio Solution File, Format Version 12.00
# Visual Studio Version 17
VisualStudioVersion = 17.6.33829.357
MinimumVisualStudioVersion = 10.0.40219.1
Project("{FAE04EC0-301F-11D3-BF4B-00C04F79EFBC}") = "SimpleWebApiApp", "SimpleWebApiApp\SimpleWebApiApp.csproj", "{61F4884D-941B-4B8C-A5ED-8950501E6C1B}"
EndProject
Global
	GlobalSection(SolutionConfigurationPlatforms) = preSolution
		Debug|Any CPU = Debug|Any CPU
		Release|Any CPU = Release|Any CPU
	EndGlobalSection
	GlobalSection(ProjectConfigurationPlatforms) = postSolution
		{61F4884D-941B-4B8C-A5ED-8950501E6C1B}.Debug|Any CPU.ActiveCfg = Debug|Any CPU
		{61F4884D-941B-4B8C-A5ED-8950501E6C1B}.Debug|Any CPU.Build.0 = Debug|Any CPU
		{61F4884D-941B-4B8C-A5ED-8950501E6C1B}.Release|Any CPU.ActiveCfg = Release|Any CPU
		{61F4884D-941B-4B8C-A5ED-8950501E6C1B}.Release|Any CPU.Build.0 = Release|Any CPU
	EndGlobalSection
	GlobalSection(SolutionProperties) = preSolution
		HideSolutionNode = FALSE
	EndGlobalSection
	GlobalSection(ExtensibilityGlobals) = postSolution
		SolutionGuid = {36C503C2-0831-49E8-8760-32F88031F8B8}
	EndGlobalSection
EndGlobal
